
Microsoft Visual Studio Solution File, Format Version 12.00
#
Project("{FAE04EC0-301F-11D3-BF4B-00C04F79EFBC}") = "Authy.NetCore", "Authy.NetCore\Authy.NetCore.csproj", "{8C9831CA-FB20-41E8-8603-AB25B375DC50}"
EndProject
Project("{FAE04EC0-301F-11D3-BF4B-00C04F79EFBC}") = "Test", "Test\Test.csproj", "{6C00667A-0739-40FE-BAED-FC4A31CAB044}"
EndProject
Global
	GlobalSection(ProjectConfigurationPlatforms) = postSolution
		{8C9831CA-FB20-41E8-8603-AB25B375DC50}.Debug|Any CPU.ActiveCfg = Debug|Any CPU
		{8C9831CA-FB20-41E8-8603-AB25B375DC50}.Debug|Any CPU.Build.0 = Debug|Any CPU
		{8C9831CA-FB20-41E8-8603-AB25B375DC50}.Release|Any CPU.ActiveCfg = Release|Any CPU
		{8C9831CA-FB20-41E8-8603-AB25B375DC50}.Release|Any CPU.Build.0 = Release|Any CPU
		{6C00667A-0739-40FE-BAED-FC4A31CAB044}.Debug|Any CPU.ActiveCfg = Debug|Any CPU
		{6C00667A-0739-40FE-BAED-FC4A31CAB044}.Debug|Any CPU.Build.0 = Debug|Any CPU
		{6C00667A-0739-40FE-BAED-FC4A31CAB044}.Release|Any CPU.ActiveCfg = Release|Any CPU
		{6C00667A-0739-40FE-BAED-FC4A31CAB044}.Release|Any CPU.Build.0 = Release|Any CPU
	EndGlobalSection
	GlobalSection(SolutionConfigurationPlatforms) = preSolution
		Debug|Any CPU = Debug|Any CPU
		Release|Any CPU = Release|Any CPU
	EndGlobalSection
EndGlobal
